
Microsoft Visual Studio Solution File, Format Version 12.00
# Visual Studio Version 16
VisualStudioVersion = 16.0.32602.290
MinimumVisualStudioVersion = 10.0.40219.1
Project("{FAE04EC0-301F-11D3-BF4B-00C04F79EFBC}") = "Superheroes", "Superheroes\Superheroes.csproj", "{EBB43E3F-EBBC-4DE6-8F7B-F7E6E83BC670}"
EndProject
Global
	GlobalSection(SolutionConfigurationPlatforms) = preSolution
		Debug|Any CPU = Debug|Any CPU
		Release|Any CPU = Release|Any CPU
	EndGlobalSection
	GlobalSection(ProjectConfigurationPlatforms) = postSolution
		{EBB43E3F-EBBC-4DE6-8F7B-F7E6E83BC670}.Debug|Any CPU.ActiveCfg = Debug|Any CPU
		{EBB43E3F-EBBC-4DE6-8F7B-F7E6E83BC670}.Debug|Any CPU.Build.0 = Debug|Any CPU
		{EBB43E3F-EBBC-4DE6-8F7B-F7E6E83BC670}.Release|Any CPU.ActiveCfg = Release|Any CPU
		{EBB43E3F-EBBC-4DE6-8F7B-F7E6E83BC670}.Release|Any CPU.Build.0 = Release|Any CPU
	EndGlobalSection
	GlobalSection(SolutionProperties) = preSolution
		HideSolutionNode = FALSE
	EndGlobalSection
	GlobalSection(ExtensibilityGlobals) = postSolution
		SolutionGuid = {55B49638-974F-4C35-AD4B-07614190C1E6}
	EndGlobalSection
EndGlobal
